
Microsoft Visual Studio Solution File, Format Version 12.00
# Visual Studio Version 17
VisualStudioVersion = 17.3.32929.385
MinimumVisualStudioVersion = 10.0.40219.1
Project("{FAE04EC0-301F-11D3-BF4B-00C04F79EFBC}") = "EternalYouthTraits_V1_1", "1.1\EternalYouthTraits_V1_1.csproj", "{A08DF92D-EECE-4F02-976E-CB577281D9DF}"
EndProject
Project("{FAE04EC0-301F-11D3-BF4B-00C04F79EFBC}") = "EternalYouthTraits_V1_2", "1.2\EternalYouthTraits_V1_2.csproj", "{4B7F4AB3-3107-46FC-BDA0-81F2BAFA5131}"
EndProject
Project("{FAE04EC0-301F-11D3-BF4B-00C04F79EFBC}") = "EternalYouthTraits_V1_3", "1.3\EternalYouthTraits_V1_3.csproj", "{44914E00-9959-403A-AD5B-8A30DDB0B0FA}"
EndProject
Project("{FAE04EC0-301F-11D3-BF4B-00C04F79EFBC}") = "EternalYouthTraits_V1_4", "1.4\EternalYouthTraits_V1_4.csproj", "{DA9041A2-3761-4136-AA8E-58371937B4F4}"
EndProject
Global
	GlobalSection(SolutionConfigurationPlatforms) = preSolution
		Debug|Any CPU = Debug|Any CPU
		Release|Any CPU = Release|Any CPU
	EndGlobalSection
	GlobalSection(ProjectConfigurationPlatforms) = postSolution
		{A08DF92D-EECE-4F02-976E-CB577281D9DF}.Debug|Any CPU.ActiveCfg = Debug|Any CPU
		{A08DF92D-EECE-4F02-976E-CB577281D9DF}.Debug|Any CPU.Build.0 = Debug|Any CPU
		{A08DF92D-EECE-4F02-976E-CB577281D9DF}.Release|Any CPU.ActiveCfg = Release|Any CPU
		{A08DF92D-EECE-4F02-976E-CB577281D9DF}.Release|Any CPU.Build.0 = Release|Any CPU
		{4B7F4AB3-3107-46FC-BDA0-81F2BAFA5131}.Debug|Any CPU.ActiveCfg = Debug|Any CPU
		{4B7F4AB3-3107-46FC-BDA0-81F2BAFA5131}.Debug|Any CPU.Build.0 = Debug|Any CPU
		{4B7F4AB3-3107-46FC-BDA0-81F2BAFA5131}.Release|Any CPU.ActiveCfg = Release|Any CPU
		{4B7F4AB3-3107-46FC-BDA0-81F2BAFA5131}.Release|Any CPU.Build.0 = Release|Any CPU
		{44914E00-9959-403A-AD5B-8A30DDB0B0FA}.Debug|Any CPU.ActiveCfg = Debug|Any CPU
		{44914E00-9959-403A-AD5B-8A30DDB0B0FA}.Debug|Any CPU.Build.0 = Debug|Any CPU
		{44914E00-9959-403A-AD5B-8A30DDB0B0FA}.Release|Any CPU.ActiveCfg = Release|Any CPU
		{44914E00-9959-403A-AD5B-8A30DDB0B0FA}.Release|Any CPU.Build.0 = Release|Any CPU
		{DA9041A2-3761-4136-AA8E-58371937B4F4}.Debug|Any CPU.ActiveCfg = Debug|Any CPU
		{DA9041A2-3761-4136-AA8E-58371937B4F4}.Debug|Any CPU.Build.0 = Debug|Any CPU
		{DA9041A2-3761-4136-AA8E-58371937B4F4}.Release|Any CPU.ActiveCfg = Release|Any CPU
		{DA9041A2-3761-4136-AA8E-58371937B4F4}.Release|Any CPU.Build.0 = Release|Any CPU
	EndGlobalSection
	GlobalSection(SolutionProperties) = preSolution
		HideSolutionNode = FALSE
	EndGlobalSection
	GlobalSection(ExtensibilityGlobals) = postSolution
		SolutionGuid = {7B29DBCB-D4E9-4F47-A2CB-60AE2733AF81}
	EndGlobalSection
EndGlobal
